<?xml version="1.0" encoding="utf-8"?>
<Project ToolsVersion="4.0" xmlns="http://schemas.microsoft.com/developer/msbuild/2003">
  <ItemGroup>
    <Filter Include="Pliki źródłowe">
      <UniqueIdentifier>{4FC737F1-C7A5-4376-A066-2A32D752A2FF}</UniqueIdentifier>
      <Extensions>cpp;c;cc;cxx;c++;cppm;ixx;def;odl;idl;hpj;bat;asm;asmx</Extensions>
    </Filter>
    <Filter Include="Pliki nagłówkowe">
      <UniqueIdentifier>{93995380-89BD-4b04-88EB-625FBE52EBFB}</UniqueIdentifier>
      <Extensions>h;hh;hpp;hxx;h++;hm;inl;inc;ipp;xsd</Extensions>
    </Filter>
    <Filter Include="Pliki zasobów">
      <UniqueIdentifier>{67DA6AB6-F800-4c08-8B7A-83BB121AAD01}</UniqueIdentifier>
      <Extensions>rc;ico;cur;bmp;dlg;rc2;rct;bin;rgs;gif;jpg;jpeg;jpe;resx;tiff;tif;png;wav;mfcribbon-ms</Extensions>
    </Filter>
    <Filter Include="Pliki nagłówkowe\UI">
      <UniqueIdentifier>{7490d040-699a-4909-ace5-ab9377553284}</UniqueIdentifier>
    </Filter>
    <Filter Include="Pliki źródłowe\UI">
      <UniqueIdentifier>{e8068c4f-7a56-46ad-88b0-f999100ea3cf}</UniqueIdentifier>
    </Filter>
    <Filter Include="Pliki nagłówkowe\UTIL_MANAGERS">
      <UniqueIdentifier>{b82f2c87-ec93-4b52-9c77-6603dee8f355}</UniqueIdentifier>
    </Filter>
    <Filter Include="Pliki źródłowe\UTIL_MANAGERS">
      <UniqueIdentifier>{9784b03c-c498-49f9-8c77-c7ac3cb9fbaf}</UniqueIdentifier>
    </Filter>
  </ItemGroup>
  <ItemGroup>
    <ClCompile Include="main.cpp">
      <Filter>Pliki źródłowe</Filter>
    </ClCompile>
    <ClCompile Include="Game.cpp">
      <Filter>Pliki źródłowe</Filter>
    </ClCompile>
    <ClCompile Include="Enemy.cpp">
      <Filter>Pliki źródłowe</Filter>
    </ClCompile>
    <ClCompile Include="Tower.cpp">
      <Filter>Pliki źródłowe</Filter>
    </ClCompile>
    <ClCompile Include="Projectile.cpp">
      <Filter>Pliki źródłowe</Filter>
    </ClCompile>
    <ClCompile Include="Tile.cpp">
      <Filter>Pliki źródłowe</Filter>
    </ClCompile>
    <ClCompile Include="Grid.cpp">
      <Filter>Pliki źródłowe</Filter>
    </ClCompile>
    <ClCompile Include="LevelManager.cpp">
      <Filter>Pliki źródłowe</Filter>
    </ClCompile>
    <ClCompile Include="Level.cpp">
      <Filter>Pliki źródłowe</Filter>
    </ClCompile>
    <ClCompile Include="Properties.cpp">
      <Filter>Pliki źródłowe</Filter>
    </ClCompile>
    <ClCompile Include="AoE.cpp">
      <Filter>Pliki źródłowe</Filter>
    </ClCompile>
    <ClCompile Include="InfoWindow.cpp">
      <Filter>Pliki źródłowe\UI</Filter>
    </ClCompile>
    <ClCompile Include="LevelScroll.cpp">
      <Filter>Pliki źródłowe\UI</Filter>
    </ClCompile>
    <ClCompile Include="LevelScrollBox.cpp">
      <Filter>Pliki źródłowe\UI</Filter>
    </ClCompile>
    <ClCompile Include="TextureManager.cpp">
      <Filter>Pliki źródłowe\UTIL_MANAGERS</Filter>
    </ClCompile>
    <ClCompile Include="FontManager.cpp">
      <Filter>Pliki źródłowe\UTIL_MANAGERS</Filter>
    </ClCompile>
    <ClCompile Include="InfoWindowTower.cpp">
      <Filter>Pliki źródłowe\UI</Filter>
    </ClCompile>
    <ClCompile Include="InfoWindowEnemy.cpp">
      <Filter>Pliki źródłowe\UI</Filter>
    </ClCompile>
    <ClCompile Include="PausableClock.cpp">
      <Filter>Pliki źródłowe</Filter>
    </ClCompile>
  </ItemGroup>
  <ItemGroup>
    <ClInclude Include="Game.h">
      <Filter>Pliki nagłówkowe</Filter>
    </ClInclude>
    <ClInclude Include="Enemy.h">
      <Filter>Pliki nagłówkowe</Filter>
    </ClInclude>
    <ClInclude Include="Tower.h">
      <Filter>Pliki nagłówkowe</Filter>
    </ClInclude>
    <ClInclude Include="Projectile.h">
      <Filter>Pliki nagłówkowe</Filter>
    </ClInclude>
    <ClInclude Include="include.h">
      <Filter>Pliki nagłówkowe</Filter>
    </ClInclude>
    <ClInclude Include="Tile.h">
      <Filter>Pliki nagłówkowe</Filter>
    </ClInclude>
    <ClInclude Include="Grid.h">
      <Filter>Pliki nagłówkowe</Filter>
    </ClInclude>
    <ClInclude Include="utils.hpp">
      <Filter>Pliki nagłówkowe</Filter>
    </ClInclude>
    <ClInclude Include="Properties.h">
      <Filter>Pliki nagłówkowe</Filter>
    </ClInclude>
    <ClInclude Include="LevelManager.h">
      <Filter>Pliki nagłówkowe</Filter>
    </ClInclude>
    <ClInclude Include="Level.h">
      <Filter>Pliki nagłówkowe</Filter>
    </ClInclude>
    <ClInclude Include="AoE.h">
      <Filter>Pliki nagłówkowe</Filter>
    </ClInclude>
    <ClInclude Include="InfoWindow.h">
      <Filter>Pliki nagłówkowe\UI</Filter>
    </ClInclude>
    <ClInclude Include="LevelScroll.h">
      <Filter>Pliki nagłówkowe\UI</Filter>
    </ClInclude>
    <ClInclude Include="LevelScrollBox.h">
      <Filter>Pliki nagłówkowe\UI</Filter>
    </ClInclude>
    <ClInclude Include="TextureManager.hpp">
      <Filter>Pliki nagłówkowe\UTIL_MANAGERS</Filter>
    </ClInclude>
    <ClInclude Include="FontManager.hpp">
      <Filter>Pliki nagłówkowe\UTIL_MANAGERS</Filter>
    </ClInclude>
    <ClInclude Include="InfoWindowTower.h">
      <Filter>Pliki nagłówkowe\UI</Filter>
    </ClInclude>
    <ClInclude Include="InfoWindowEnemy.h">
      <Filter>Pliki nagłówkowe\UI</Filter>
    </ClInclude>
    <ClInclude Include="PausableClock.h">
      <Filter>Pliki nagłówkowe</Filter>
    </ClInclude>
  </ItemGroup>
  <ItemGroup>
    <None Include="Data\towers.json">
      <Filter>Pliki zasobów</Filter>
    </None>
    <None Include="Data\enemies.json">
      <Filter>Pliki zasobów</Filter>
    </None>
    <None Include="Data\levels_easy.json">
      <Filter>Pliki zasobów</Filter>
    </None>
    <None Include="Data\tower_upgrades.json">
      <Filter>Pliki zasobów</Filter>
    </None>
  </ItemGroup>
</Project>